
Microsoft Visual Studio Solution File, Format Version 12.00
# Visual Studio Version 17
VisualStudioVersion = 17.10.35122.118
MinimumVisualStudioVersion = 10.0.40219.1
Project("{9A19103F-16F7-4668-BE54-9A1E7A4F7556}") = "myshop.web", "myshop.web\myshop.web.csproj", "{1D4A1AD2-2FB1-4911-885B-4155AB6E7D6C}"
EndProject
Project("{9A19103F-16F7-4668-BE54-9A1E7A4F7556}") = "myshop.DataAccess", "myshop.DataAccess\myshop.DataAccess.csproj", "{88EA3733-C97E-45CB-8DD6-1E3030C477A4}"
EndProject
Project("{9A19103F-16F7-4668-BE54-9A1E7A4F7556}") = "myshop.Entities", "myshop.Entities\myshop.Entities.csproj", "{0EE4B355-427E-4603-AD82-1F02E4A25B48}"
EndProject
Project("{FAE04EC0-301F-11D3-BF4B-00C04F79EFBC}") = "myshop.Utilities", "myshop.Utilities\myshop.Utilities.csproj", "{6FA24D9D-C2FC-4D95-ADA5-56284D3CA2BB}"
EndProject
Global
	GlobalSection(SolutionConfigurationPlatforms) = preSolution
		Debug|Any CPU = Debug|Any CPU
		Release|Any CPU = Release|Any CPU
	EndGlobalSection
	GlobalSection(ProjectConfigurationPlatforms) = postSolution
		{1D4A1AD2-2FB1-4911-885B-4155AB6E7D6C}.Debug|Any CPU.ActiveCfg = Debug|Any CPU
		{1D4A1AD2-2FB1-4911-885B-4155AB6E7D6C}.Debug|Any CPU.Build.0 = Debug|Any CPU
		{1D4A1AD2-2FB1-4911-885B-4155AB6E7D6C}.Release|Any CPU.ActiveCfg = Release|Any CPU
		{1D4A1AD2-2FB1-4911-885B-4155AB6E7D6C}.Release|Any CPU.Build.0 = Release|Any CPU
		{88EA3733-C97E-45CB-8DD6-1E3030C477A4}.Debug|Any CPU.ActiveCfg = Debug|Any CPU
		{88EA3733-C97E-45CB-8DD6-1E3030C477A4}.Debug|Any CPU.Build.0 = Debug|Any CPU
		{88EA3733-C97E-45CB-8DD6-1E3030C477A4}.Release|Any CPU.ActiveCfg = Release|Any CPU
		{88EA3733-C97E-45CB-8DD6-1E3030C477A4}.Release|Any CPU.Build.0 = Release|Any CPU
		{0EE4B355-427E-4603-AD82-1F02E4A25B48}.Debug|Any CPU.ActiveCfg = Debug|Any CPU
		{0EE4B355-427E-4603-AD82-1F02E4A25B48}.Debug|Any CPU.Build.0 = Debug|Any CPU
		{0EE4B355-427E-4603-AD82-1F02E4A25B48}.Release|Any CPU.ActiveCfg = Release|Any CPU
		{0EE4B355-427E-4603-AD82-1F02E4A25B48}.Release|Any CPU.Build.0 = Release|Any CPU
		{6FA24D9D-C2FC-4D95-ADA5-56284D3CA2BB}.Debug|Any CPU.ActiveCfg = Debug|Any CPU
		{6FA24D9D-C2FC-4D95-ADA5-56284D3CA2BB}.Debug|Any CPU.Build.0 = Debug|Any CPU
		{6FA24D9D-C2FC-4D95-ADA5-56284D3CA2BB}.Release|Any CPU.ActiveCfg = Release|Any CPU
		{6FA24D9D-C2FC-4D95-ADA5-56284D3CA2BB}.Release|Any CPU.Build.0 = Release|Any CPU
	EndGlobalSection
	GlobalSection(SolutionProperties) = preSolution
		HideSolutionNode = FALSE
	EndGlobalSection
	GlobalSection(ExtensibilityGlobals) = postSolution
		SolutionGuid = {087D1256-E989-40DC-94C9-57CC5D06CA06}
	EndGlobalSection
EndGlobal
